
Microsoft Visual Studio Solution File, Format Version 12.00
# Visual Studio Version 17
VisualStudioVersion = 17.9.34321.82
MinimumVisualStudioVersion = 10.0.40219.1
Project("{9A19103F-16F7-4668-BE54-9A1E7A4F7556}") = "Spectre.Console.Extensions.Hosting", "Spectre.Console.Extensions.Hosting\Spectre.Console.Extensions.Hosting.csproj", "{66D53786-D1FF-4BDF-AC92-E503047870FC}"
EndProject
Project("{9A19103F-16F7-4668-BE54-9A1E7A4F7556}") = "Spectre.Console.Extensions.Hosting.Sample", "Spectre.Console.Extensions.Hosting.Sample\Spectre.Console.Extensions.Hosting.Sample.csproj", "{01F02172-3E54-4233-8EDB-50B15BBF5704}"
EndProject
Project("{2150E333-8FDC-42A3-9474-1A3956D46DE8}") = "Solution Items", "Solution Items", "{8905AA16-D82A-4103-8534-147EDD27B7FA}"
	ProjectSection(SolutionItems) = preProject
		..\.gitignore = ..\.gitignore
		..\.github\workflows\dotnet.yml = ..\.github\workflows\dotnet.yml
		..\LICENSE = ..\LICENSE
		..\README.md = ..\README.md
	EndProjectSection
EndProject
Global
	GlobalSection(SolutionConfigurationPlatforms) = preSolution
		Debug|Any CPU = Debug|Any CPU
		Release|Any CPU = Release|Any CPU
	EndGlobalSection
	GlobalSection(ProjectConfigurationPlatforms) = postSolution
		{66D53786-D1FF-4BDF-AC92-E503047870FC}.Debug|Any CPU.ActiveCfg = Debug|Any CPU
		{66D53786-D1FF-4BDF-AC92-E503047870FC}.Debug|Any CPU.Build.0 = Debug|Any CPU
		{66D53786-D1FF-4BDF-AC92-E503047870FC}.Release|Any CPU.ActiveCfg = Release|Any CPU
		{66D53786-D1FF-4BDF-AC92-E503047870FC}.Release|Any CPU.Build.0 = Release|Any CPU
		{01F02172-3E54-4233-8EDB-50B15BBF5704}.Debug|Any CPU.ActiveCfg = Debug|Any CPU
		{01F02172-3E54-4233-8EDB-50B15BBF5704}.Debug|Any CPU.Build.0 = Debug|Any CPU
		{01F02172-3E54-4233-8EDB-50B15BBF5704}.Release|Any CPU.ActiveCfg = Release|Any CPU
		{01F02172-3E54-4233-8EDB-50B15BBF5704}.Release|Any CPU.Build.0 = Release|Any CPU
	EndGlobalSection
	GlobalSection(SolutionProperties) = preSolution
		HideSolutionNode = FALSE
	EndGlobalSection
	GlobalSection(ExtensibilityGlobals) = postSolution
		SolutionGuid = {01D8AC6E-27EE-4AB0-969D-B61848BAECE8}
	EndGlobalSection
EndGlobal
